
Microsoft Visual Studio Solution File, Format Version 12.00
# Visual Studio Version 16
VisualStudioVersion = 16.0.31424.327
MinimumVisualStudioVersion = 10.0.40219.1
Project("{FAE04EC0-301F-11D3-BF4B-00C04F79EFBC}") = "Vidly", "Vidly\Vidly.csproj", "{960D2566-BEC1-468F-885A-23A33BC93FD4}"
EndProject
Project("{FAE04EC0-301F-11D3-BF4B-00C04F79EFBC}") = "Vidly.Tests", "Vidly.Tests\Vidly.Tests.csproj", "{76249C53-6C6A-4024-B14E-98E301715B52}"
EndProject
Global
	GlobalSection(SolutionConfigurationPlatforms) = preSolution
		Debug|Any CPU = Debug|Any CPU
		Release|Any CPU = Release|Any CPU
	EndGlobalSection
	GlobalSection(ProjectConfigurationPlatforms) = postSolution
		{960D2566-BEC1-468F-885A-23A33BC93FD4}.Debug|Any CPU.ActiveCfg = Debug|Any CPU
		{960D2566-BEC1-468F-885A-23A33BC93FD4}.Debug|Any CPU.Build.0 = Debug|Any CPU
		{960D2566-BEC1-468F-885A-23A33BC93FD4}.Release|Any CPU.ActiveCfg = Release|Any CPU
		{960D2566-BEC1-468F-885A-23A33BC93FD4}.Release|Any CPU.Build.0 = Release|Any CPU
		{76249C53-6C6A-4024-B14E-98E301715B52}.Debug|Any CPU.ActiveCfg = Debug|Any CPU
		{76249C53-6C6A-4024-B14E-98E301715B52}.Debug|Any CPU.Build.0 = Debug|Any CPU
		{76249C53-6C6A-4024-B14E-98E301715B52}.Release|Any CPU.ActiveCfg = Release|Any CPU
		{76249C53-6C6A-4024-B14E-98E301715B52}.Release|Any CPU.Build.0 = Release|Any CPU
	EndGlobalSection
	GlobalSection(SolutionProperties) = preSolution
		HideSolutionNode = FALSE
	EndGlobalSection
	GlobalSection(ExtensibilityGlobals) = postSolution
		SolutionGuid = {21082724-DF34-4DAE-9886-70B705929534}
	EndGlobalSection
EndGlobal
